
Microsoft Visual Studio Solution File, Format Version 12.00
# Visual Studio Version 17
VisualStudioVersion = 17.4.33205.214
MinimumVisualStudioVersion = 10.0.40219.1
Project("{2150E333-8FDC-42A3-9474-1A3956D46DE8}") = "src", "src", "{CA6BB589-E344-4BED-B951-B30536C5670A}"
EndProject
Project("{9A19103F-16F7-4668-BE54-9A1E7A4F7556}") = "Web.Server", "src\Web\Server\Web.Server.csproj", "{64531CD2-E286-43F8-84C5-A5E7FEF7D15B}"
EndProject
Project("{9A19103F-16F7-4668-BE54-9A1E7A4F7556}") = "Domain", "src\Domain\Domain.csproj", "{E03B59C3-B8EE-4009-B744-409A0D7C9F49}"
EndProject
Project("{9A19103F-16F7-4668-BE54-9A1E7A4F7556}") = "Application", "src\Application\Application.csproj", "{D5893101-3270-481E-9A2A-CF0ADD9044B1}"
EndProject
Project("{2150E333-8FDC-42A3-9474-1A3956D46DE8}") = "tests", "tests", "{D88D04C9-265E-4E77-8CD6-80BFAD847B62}"
EndProject
Project("{9A19103F-16F7-4668-BE54-9A1E7A4F7556}") = "UnitTests", "tests\UnitTests\UnitTests.csproj", "{C1017CBC-2318-448A-8E01-49B614831807}"
EndProject
Project("{9A19103F-16F7-4668-BE54-9A1E7A4F7556}") = "IntegrationTests", "tests\IntegrationTests\IntegrationTests.csproj", "{8BDF406B-2DC7-422D-841A-CEF11DD703A8}"
EndProject
Project("{9A19103F-16F7-4668-BE54-9A1E7A4F7556}") = "Infrastructure", "src\Infrastructure\Infrastructure.csproj", "{B9FADA8D-33CF-40C1-BAD5-257BE09C58C4}"
EndProject
Project("{FAE04EC0-301F-11D3-BF4B-00C04F79EFBC}") = "Analytics", "src\Analytics\Analytics.csproj", "{812A0D97-D6A7-4505-85DB-CF88301A09A0}"
EndProject
Global
	GlobalSection(SolutionConfigurationPlatforms) = preSolution
		Debug|Any CPU = Debug|Any CPU
		Release|Any CPU = Release|Any CPU
	EndGlobalSection
	GlobalSection(ProjectConfigurationPlatforms) = postSolution
		{64531CD2-E286-43F8-84C5-A5E7FEF7D15B}.Debug|Any CPU.ActiveCfg = Debug|Any CPU
		{64531CD2-E286-43F8-84C5-A5E7FEF7D15B}.Debug|Any CPU.Build.0 = Debug|Any CPU
		{64531CD2-E286-43F8-84C5-A5E7FEF7D15B}.Release|Any CPU.ActiveCfg = Release|Any CPU
		{64531CD2-E286-43F8-84C5-A5E7FEF7D15B}.Release|Any CPU.Build.0 = Release|Any CPU
		{E03B59C3-B8EE-4009-B744-409A0D7C9F49}.Debug|Any CPU.ActiveCfg = Debug|Any CPU
		{E03B59C3-B8EE-4009-B744-409A0D7C9F49}.Debug|Any CPU.Build.0 = Debug|Any CPU
		{E03B59C3-B8EE-4009-B744-409A0D7C9F49}.Release|Any CPU.ActiveCfg = Release|Any CPU
		{E03B59C3-B8EE-4009-B744-409A0D7C9F49}.Release|Any CPU.Build.0 = Release|Any CPU
		{D5893101-3270-481E-9A2A-CF0ADD9044B1}.Debug|Any CPU.ActiveCfg = Debug|Any CPU
		{D5893101-3270-481E-9A2A-CF0ADD9044B1}.Debug|Any CPU.Build.0 = Debug|Any CPU
		{D5893101-3270-481E-9A2A-CF0ADD9044B1}.Release|Any CPU.ActiveCfg = Release|Any CPU
		{D5893101-3270-481E-9A2A-CF0ADD9044B1}.Release|Any CPU.Build.0 = Release|Any CPU
		{C1017CBC-2318-448A-8E01-49B614831807}.Debug|Any CPU.ActiveCfg = Debug|Any CPU
		{C1017CBC-2318-448A-8E01-49B614831807}.Debug|Any CPU.Build.0 = Debug|Any CPU
		{C1017CBC-2318-448A-8E01-49B614831807}.Release|Any CPU.ActiveCfg = Release|Any CPU
		{C1017CBC-2318-448A-8E01-49B614831807}.Release|Any CPU.Build.0 = Release|Any CPU
		{8BDF406B-2DC7-422D-841A-CEF11DD703A8}.Debug|Any CPU.ActiveCfg = Debug|Any CPU
		{8BDF406B-2DC7-422D-841A-CEF11DD703A8}.Debug|Any CPU.Build.0 = Debug|Any CPU
		{8BDF406B-2DC7-422D-841A-CEF11DD703A8}.Release|Any CPU.ActiveCfg = Release|Any CPU
		{8BDF406B-2DC7-422D-841A-CEF11DD703A8}.Release|Any CPU.Build.0 = Release|Any CPU
		{B9FADA8D-33CF-40C1-BAD5-257BE09C58C4}.Debug|Any CPU.ActiveCfg = Debug|Any CPU
		{B9FADA8D-33CF-40C1-BAD5-257BE09C58C4}.Debug|Any CPU.Build.0 = Debug|Any CPU
		{B9FADA8D-33CF-40C1-BAD5-257BE09C58C4}.Release|Any CPU.ActiveCfg = Release|Any CPU
		{B9FADA8D-33CF-40C1-BAD5-257BE09C58C4}.Release|Any CPU.Build.0 = Release|Any CPU
		{812A0D97-D6A7-4505-85DB-CF88301A09A0}.Debug|Any CPU.ActiveCfg = Debug|Any CPU
		{812A0D97-D6A7-4505-85DB-CF88301A09A0}.Debug|Any CPU.Build.0 = Debug|Any CPU
		{812A0D97-D6A7-4505-85DB-CF88301A09A0}.Release|Any CPU.ActiveCfg = Release|Any CPU
		{812A0D97-D6A7-4505-85DB-CF88301A09A0}.Release|Any CPU.Build.0 = Release|Any CPU
	EndGlobalSection
	GlobalSection(SolutionProperties) = preSolution
		HideSolutionNode = FALSE
	EndGlobalSection
	GlobalSection(NestedProjects) = preSolution
		{64531CD2-E286-43F8-84C5-A5E7FEF7D15B} = {CA6BB589-E344-4BED-B951-B30536C5670A}
		{E03B59C3-B8EE-4009-B744-409A0D7C9F49} = {CA6BB589-E344-4BED-B951-B30536C5670A}
		{D5893101-3270-481E-9A2A-CF0ADD9044B1} = {CA6BB589-E344-4BED-B951-B30536C5670A}
		{C1017CBC-2318-448A-8E01-49B614831807} = {D88D04C9-265E-4E77-8CD6-80BFAD847B62}
		{8BDF406B-2DC7-422D-841A-CEF11DD703A8} = {D88D04C9-265E-4E77-8CD6-80BFAD847B62}
		{B9FADA8D-33CF-40C1-BAD5-257BE09C58C4} = {CA6BB589-E344-4BED-B951-B30536C5670A}
		{812A0D97-D6A7-4505-85DB-CF88301A09A0} = {CA6BB589-E344-4BED-B951-B30536C5670A}
	EndGlobalSection
	GlobalSection(ExtensibilityGlobals) = postSolution
		SolutionGuid = {6147A5C1-E702-4C5E-BFBB-2457677B73C2}
	EndGlobalSection
EndGlobal
